
Microsoft Visual Studio Solution File, Format Version 12.00
# Visual Studio Version 17
VisualStudioVersion = 17.7.34009.444
MinimumVisualStudioVersion = 10.0.40219.1
Project("{FAE04EC0-301F-11D3-BF4B-00C04F79EFBC}") = "Core.Persistence", "Core.Persistence\Core.Persistence.csproj", "{7AAF150D-8949-42DC-9C75-1A25BFCFBADC}"
EndProject
Global
	GlobalSection(SolutionConfigurationPlatforms) = preSolution
		Debug|Any CPU = Debug|Any CPU
		Release|Any CPU = Release|Any CPU
	EndGlobalSection
	GlobalSection(ProjectConfigurationPlatforms) = postSolution
		{7AAF150D-8949-42DC-9C75-1A25BFCFBADC}.Debug|Any CPU.ActiveCfg = Debug|Any CPU
		{7AAF150D-8949-42DC-9C75-1A25BFCFBADC}.Debug|Any CPU.Build.0 = Debug|Any CPU
		{7AAF150D-8949-42DC-9C75-1A25BFCFBADC}.Release|Any CPU.ActiveCfg = Release|Any CPU
		{7AAF150D-8949-42DC-9C75-1A25BFCFBADC}.Release|Any CPU.Build.0 = Release|Any CPU
	EndGlobalSection
	GlobalSection(SolutionProperties) = preSolution
		HideSolutionNode = FALSE
	EndGlobalSection
	GlobalSection(ExtensibilityGlobals) = postSolution
		SolutionGuid = {4C110829-12A6-4BD4-A0FE-8BE08E3CC28E}
	EndGlobalSection
EndGlobal
